
Microsoft Visual Studio Solution File, Format Version 12.00
# Visual Studio Version 17
VisualStudioVersion = 17.13.35919.96 d17.13
MinimumVisualStudioVersion = 10.0.40219.1
Project("{FAE04EC0-301F-11D3-BF4B-00C04F79EFBC}") = "Task_Manager", "Task_Manager\Task_Manager.csproj", "{C0AFC687-D728-4C3E-A4CB-3E9DC7E160B0}"
EndProject
Global
	GlobalSection(SolutionConfigurationPlatforms) = preSolution
		Debug|Any CPU = Debug|Any CPU
		Release|Any CPU = Release|Any CPU
	EndGlobalSection
	GlobalSection(ProjectConfigurationPlatforms) = postSolution
		{C0AFC687-D728-4C3E-A4CB-3E9DC7E160B0}.Debug|Any CPU.ActiveCfg = Debug|Any CPU
		{C0AFC687-D728-4C3E-A4CB-3E9DC7E160B0}.Debug|Any CPU.Build.0 = Debug|Any CPU
		{C0AFC687-D728-4C3E-A4CB-3E9DC7E160B0}.Release|Any CPU.ActiveCfg = Release|Any CPU
		{C0AFC687-D728-4C3E-A4CB-3E9DC7E160B0}.Release|Any CPU.Build.0 = Release|Any CPU
	EndGlobalSection
	GlobalSection(SolutionProperties) = preSolution
		HideSolutionNode = FALSE
	EndGlobalSection
	GlobalSection(ExtensibilityGlobals) = postSolution
		SolutionGuid = {0934575D-3BB9-4FB8-BEF9-56A10E62BB5C}
	EndGlobalSection
EndGlobal
